{
  "originHash" : "d074697a3cb175836eb127430e922852af864669852f538f65b645bca975d444",
  "pins" : [
    {
      "identity" : "swift-argument-parser",
      "kind" : "remoteSourceControl",
      "location" : "https://github.com/apple/swift-argument-parser.git",
      "state" : {
        "revision" : "6a52f3251125d74daf04fcbd5e6f08a75d074382",
        "version" : "1.8.2"
      }
    },
    {
      "identity" : "swift-subprocess",
      "kind" : "remoteSourceControl",
      "location" : "https://github.com/swiftlang/swift-subprocess.git",
      "state" : {
        "revision" : "b3937ab85dd32f6e9435914599c1519074769c1a",
        "version" : "1.0.0"
      }
    },
    {
      "identity" : "swift-system",
      "kind" : "remoteSourceControl",
      "location" : "https://github.com/apple/swift-system",
      "state" : {
        "revision" : "869129b7bf4ecc57b97d0193ad29690ca2134750",
        "version" : "1.8.1"
      }
    },
    {
      "identity" : "swiftlykit",
      "kind" : "remoteSourceControl",
      "location" : "https://github.com/mottzi/SwiftlyKit.git",
      "state" : {
        "revision" : "c2088fe21d55b307a4cff3c0b1ee5ccd37c86281",
        "version" : "0.6.0"
      }
    }
  ],
  "version" : 3
}
