{
  "originHash" : "155b76f1bf36f69d25278442c13eeba072dad5a795424d698da08c664f560eaf",
  "pins" : [
    {
      "identity" : "swift-argument-parser",
      "kind" : "remoteSourceControl",
      "location" : "https://github.com/apple/swift-argument-parser.git",
      "state" : {
        "revision" : "6a52f3251125d74daf04fcbd5e6f08a75d074382",
        "version" : "1.8.2"
      }
    },
    {
      "identity" : "swift-subprocess",
      "kind" : "remoteSourceControl",
      "location" : "https://github.com/swiftlang/swift-subprocess.git",
      "state" : {
        "revision" : "b3937ab85dd32f6e9435914599c1519074769c1a",
        "version" : "1.0.0"
      }
    },
    {
      "identity" : "swift-system",
      "kind" : "remoteSourceControl",
      "location" : "https://github.com/apple/swift-system",
      "state" : {
        "revision" : "869129b7bf4ecc57b97d0193ad29690ca2134750",
        "version" : "1.8.1"
      }
    },
    {
      "identity" : "swiftlykit",
      "kind" : "remoteSourceControl",
      "location" : "https://github.com/mottzi/SwiftlyKit.git",
      "state" : {
        "revision" : "d1c0e71663d32e9b2fa9d526bd13ee386271a484",
        "version" : "0.5.1"
      }
    }
  ],
  "version" : 3
}
