{
  "originHash" : "7b12bd5dfd8e5b9b7d951432c23bc8d93795fa51a1a381d5f1d124bd69676eb8",
  "pins" : [
    {
      "identity" : "swift-argument-parser",
      "kind" : "remoteSourceControl",
      "location" : "https://github.com/apple/swift-argument-parser.git",
      "state" : {
        "revision" : "6a52f3251125d74daf04fcbd5e6f08a75d074382",
        "version" : "1.8.2"
      }
    },
    {
      "identity" : "swift-subprocess",
      "kind" : "remoteSourceControl",
      "location" : "https://github.com/swiftlang/swift-subprocess.git",
      "state" : {
        "revision" : "b3937ab85dd32f6e9435914599c1519074769c1a",
        "version" : "1.0.0"
      }
    },
    {
      "identity" : "swift-system",
      "kind" : "remoteSourceControl",
      "location" : "https://github.com/apple/swift-system",
      "state" : {
        "revision" : "869129b7bf4ecc57b97d0193ad29690ca2134750",
        "version" : "1.8.1"
      }
    },
    {
      "identity" : "triple",
      "kind" : "remoteSourceControl",
      "location" : "https://github.com/mottzi/Triple.git",
      "state" : {
        "revision" : "513be38e4dcb137c7cd19cb76a101d387fd12c4c"
      }
    }
  ],
  "version" : 3
}
